
Microsoft Visual Studio Solution File, Format Version 12.00
# Visual Studio Version 16
VisualStudioVersion = 16.0.28917.181
MinimumVisualStudioVersion = 10.0.40219.1
Project("{FAE04EC0-301F-11D3-BF4B-00C04F79EFBC}") = "LibraryServices", "LibraryServices\LibraryServices.csproj", "{285900D8-92CE-47BE-8562-9B9F0384A64D}"
EndProject
Project("{FAE04EC0-301F-11D3-BF4B-00C04F79EFBC}") = "LibraryServices.Data", "LibraryServices.Data\LibraryServices.Data.csproj", "{AF5E0962-DFF8-48C7-9C6B-E054E7F3FE44}"
EndProject
Global
	GlobalSection(SolutionConfigurationPlatforms) = preSolution
		Debug|Any CPU = Debug|Any CPU
		Release|Any CPU = Release|Any CPU
	EndGlobalSection
	GlobalSection(ProjectConfigurationPlatforms) = postSolution
		{285900D8-92CE-47BE-8562-9B9F0384A64D}.Debug|Any CPU.ActiveCfg = Debug|Any CPU
		{285900D8-92CE-47BE-8562-9B9F0384A64D}.Debug|Any CPU.Build.0 = Debug|Any CPU
		{285900D8-92CE-47BE-8562-9B9F0384A64D}.Release|Any CPU.ActiveCfg = Release|Any CPU
		{285900D8-92CE-47BE-8562-9B9F0384A64D}.Release|Any CPU.Build.0 = Release|Any CPU
		{AF5E0962-DFF8-48C7-9C6B-E054E7F3FE44}.Debug|Any CPU.ActiveCfg = Debug|Any CPU
		{AF5E0962-DFF8-48C7-9C6B-E054E7F3FE44}.Debug|Any CPU.Build.0 = Debug|Any CPU
		{AF5E0962-DFF8-48C7-9C6B-E054E7F3FE44}.Release|Any CPU.ActiveCfg = Release|Any CPU
		{AF5E0962-DFF8-48C7-9C6B-E054E7F3FE44}.Release|Any CPU.Build.0 = Release|Any CPU
	EndGlobalSection
	GlobalSection(SolutionProperties) = preSolution
		HideSolutionNode = FALSE
	EndGlobalSection
	GlobalSection(ExtensibilityGlobals) = postSolution
		SolutionGuid = {7D7BE139-D227-4718-88EE-A43CF75836C0}
	EndGlobalSection
EndGlobal
