
Microsoft Visual Studio Solution File, Format Version 12.00
# Visual Studio Version 16
VisualStudioVersion = 16.0.28917.181
MinimumVisualStudioVersion = 10.0.40219.1
Project("{FAE04EC0-301F-11D3-BF4B-00C04F79EFBC}") = "Portfolio", "Portfolio\Portfolio.csproj", "{6B46FB83-0A05-48BD-8D99-58EEC01F635B}"
EndProject
Global
	GlobalSection(SolutionConfigurationPlatforms) = preSolution
		Debug|Any CPU = Debug|Any CPU
		Release|Any CPU = Release|Any CPU
	EndGlobalSection
	GlobalSection(ProjectConfigurationPlatforms) = postSolution
		{6B46FB83-0A05-48BD-8D99-58EEC01F635B}.Debug|Any CPU.ActiveCfg = Debug|Any CPU
		{6B46FB83-0A05-48BD-8D99-58EEC01F635B}.Debug|Any CPU.Build.0 = Debug|Any CPU
		{6B46FB83-0A05-48BD-8D99-58EEC01F635B}.Release|Any CPU.ActiveCfg = Release|Any CPU
		{6B46FB83-0A05-48BD-8D99-58EEC01F635B}.Release|Any CPU.Build.0 = Release|Any CPU
	EndGlobalSection
	GlobalSection(SolutionProperties) = preSolution
		HideSolutionNode = FALSE
	EndGlobalSection
	GlobalSection(ExtensibilityGlobals) = postSolution
		SolutionGuid = {DAEC24B3-6D48-419D-B82C-B3F434419E07}
	EndGlobalSection
EndGlobal
